
Microsoft Visual Studio Solution File, Format Version 12.00
# Visual Studio Version 17
VisualStudioVersion = 17.3.32929.385
MinimumVisualStudioVersion = 10.0.40219.1
Project("{9A19103F-16F7-4668-BE54-9A1E7A4F7556}") = "SimpleBookingSystemApp", "SimpleBookingSystemApp\SimpleBookingSystemApp.csproj", "{81037EEF-B6F3-44BB-9309-950A42B373D4}"
EndProject
Project("{FAE04EC0-301F-11D3-BF4B-00C04F79EFBC}") = "SimpleBookingSystem.DataAccess", "SimpleBookingSystem.DataAccess\SimpleBookingSystem.DataAccess.csproj", "{210813B4-1724-4390-937C-6445D87E48EC}"
EndProject
Project("{FAE04EC0-301F-11D3-BF4B-00C04F79EFBC}") = "SimpleBookingSystem.Domain", "SimpleBookingSystem.Domain\SimpleBookingSystem.Domain.csproj", "{0A0E585C-A6FB-4DC3-979E-1150D7E28DA0}"
EndProject
Project("{FAE04EC0-301F-11D3-BF4B-00C04F79EFBC}") = "SimpleBookingSystem.Services", "SimpleBookingSystem.Services\SimpleBookingSystem.Services.csproj", "{6A8B141E-CF9B-4545-A6FD-596F5CC0BCB8}"
EndProject
Global
	GlobalSection(SolutionConfigurationPlatforms) = preSolution
		Debug|Any CPU = Debug|Any CPU
		Release|Any CPU = Release|Any CPU
	EndGlobalSection
	GlobalSection(ProjectConfigurationPlatforms) = postSolution
		{81037EEF-B6F3-44BB-9309-950A42B373D4}.Debug|Any CPU.ActiveCfg = Debug|Any CPU
		{81037EEF-B6F3-44BB-9309-950A42B373D4}.Debug|Any CPU.Build.0 = Debug|Any CPU
		{81037EEF-B6F3-44BB-9309-950A42B373D4}.Release|Any CPU.ActiveCfg = Release|Any CPU
		{81037EEF-B6F3-44BB-9309-950A42B373D4}.Release|Any CPU.Build.0 = Release|Any CPU
		{210813B4-1724-4390-937C-6445D87E48EC}.Debug|Any CPU.ActiveCfg = Debug|Any CPU
		{210813B4-1724-4390-937C-6445D87E48EC}.Debug|Any CPU.Build.0 = Debug|Any CPU
		{210813B4-1724-4390-937C-6445D87E48EC}.Release|Any CPU.ActiveCfg = Release|Any CPU
		{210813B4-1724-4390-937C-6445D87E48EC}.Release|Any CPU.Build.0 = Release|Any CPU
		{0A0E585C-A6FB-4DC3-979E-1150D7E28DA0}.Debug|Any CPU.ActiveCfg = Debug|Any CPU
		{0A0E585C-A6FB-4DC3-979E-1150D7E28DA0}.Debug|Any CPU.Build.0 = Debug|Any CPU
		{0A0E585C-A6FB-4DC3-979E-1150D7E28DA0}.Release|Any CPU.ActiveCfg = Release|Any CPU
		{0A0E585C-A6FB-4DC3-979E-1150D7E28DA0}.Release|Any CPU.Build.0 = Release|Any CPU
		{6A8B141E-CF9B-4545-A6FD-596F5CC0BCB8}.Debug|Any CPU.ActiveCfg = Debug|Any CPU
		{6A8B141E-CF9B-4545-A6FD-596F5CC0BCB8}.Debug|Any CPU.Build.0 = Debug|Any CPU
		{6A8B141E-CF9B-4545-A6FD-596F5CC0BCB8}.Release|Any CPU.ActiveCfg = Release|Any CPU
		{6A8B141E-CF9B-4545-A6FD-596F5CC0BCB8}.Release|Any CPU.Build.0 = Release|Any CPU
	EndGlobalSection
	GlobalSection(SolutionProperties) = preSolution
		HideSolutionNode = FALSE
	EndGlobalSection
	GlobalSection(ExtensibilityGlobals) = postSolution
		SolutionGuid = {9CD081FC-F396-44D6-991B-ACA6499E9FA1}
	EndGlobalSection
EndGlobal
